// !$*UTF8*$!
{
	archiveVersion = 1;
	classes = {
	};
	objectVersion = 56;
	objects = {

/* Begin PBXBuildFile section */
		872C1A4229F9506D00AB8A68 /* Symbol.swift in Sources */ = {isa = PBXBuildFile; fileRef = 872C1A4129F9506D00AB8A68 /* Symbol.swift */; };
		87989E6929F93DA600E65E97 /* AppDelegate.swift in Sources */ = {isa = PBXBuildFile; fileRef = 87989E6829F93DA600E65E97 /* AppDelegate.swift */; };
		87989E6B29F93DA600E65E97 /* ExampleViewController.swift in Sources */ = {isa = PBXBuildFile; fileRef = 87989E6A29F93DA600E65E97 /* ExampleViewController.swift */; };
		87989E6E29F93DA600E65E97 /* Mathboard.xcdatamodeld in Sources */ = {isa = PBXBuildFile; fileRef = 87989E6C29F93DA600E65E97 /* Mathboard.xcdatamodeld */; };
		87989E7029F93DA800E65E97 /* Assets.xcassets in Resources */ = {isa = PBXBuildFile; fileRef = 87989E6F29F93DA800E65E97 /* Assets.xcassets */; };
		87989E7329F93DA800E65E97 /* Main.storyboard in Resources */ = {isa = PBXBuildFile; fileRef = 87989E7129F93DA800E65E97 /* Main.storyboard */; };
		87CDDE3F29F94C990091A470 /* ExampleCollectionViewItem.swift in Sources */ = {isa = PBXBuildFile; fileRef = 87CDDE3E29F94C990091A470 /* ExampleCollectionViewItem.swift */; };
		87EB90B229F9724500860691 /* RoundedTextField.swift in Sources */ = {isa = PBXBuildFile; fileRef = 87EB90B129F9724500860691 /* RoundedTextField.swift */; };
		87EB90B429F973F900860691 /* HelloWindowController.swift in Sources */ = {isa = PBXBuildFile; fileRef = 87EB90B329F973F900860691 /* HelloWindowController.swift */; };
/* End PBXBuildFile section */

/* Begin PBXFileReference section */
		872C1A4129F9506D00AB8A68 /* Symbol.swift */ = {isa = PBXFileReference; lastKnownFileType = sourcecode.swift; path = Symbol.swift; sourceTree = "<group>"; };
		87989E6529F93DA600E65E97 /* Mathboard.app */ = {isa = PBXFileReference; explicitFileType = wrapper.application; includeInIndex = 0; path = Mathboard.app; sourceTree = BUILT_PRODUCTS_DIR; };
		87989E6829F93DA600E65E97 /* AppDelegate.swift */ = {isa = PBXFileReference; lastKnownFileType = sourcecode.swift; path = AppDelegate.swift; sourceTree = "<group>"; };
		87989E6A29F93DA600E65E97 /* ExampleViewController.swift */ = {isa = PBXFileReference; lastKnownFileType = sourcecode.swift; path = ExampleViewController.swift; sourceTree = "<group>"; };
		87989E6D29F93DA600E65E97 /* Mathboard.xcdatamodel */ = {isa = PBXFileReference; lastKnownFileType = wrapper.xcdatamodel; path = Mathboard.xcdatamodel; sourceTree = "<group>"; };
		87989E6F29F93DA800E65E97 /* Assets.xcassets */ = {isa = PBXFileReference; lastKnownFileType = folder.assetcatalog; path = Assets.xcassets; sourceTree = "<group>"; };
		87989E7229F93DA800E65E97 /* Base */ = {isa = PBXFileReference; lastKnownFileType = file.storyboard; name = Base; path = Base.lproj/Main.storyboard; sourceTree = "<group>"; };
		87989E7429F93DA800E65E97 /* Mathboard.entitlements */ = {isa = PBXFileReference; lastKnownFileType = text.plist.entitlements; path = Mathboard.entitlements; sourceTree = "<group>"; };
		87CDDE3E29F94C990091A470 /* ExampleCollectionViewItem.swift */ = {isa = PBXFileReference; lastKnownFileType = sourcecode.swift; path = ExampleCollectionViewItem.swift; sourceTree = "<group>"; };
		87EB90B129F9724500860691 /* RoundedTextField.swift */ = {isa = PBXFileReference; lastKnownFileType = sourcecode.swift; path = RoundedTextField.swift; sourceTree = "<group>"; };
		87EB90B329F973F900860691 /* HelloWindowController.swift */ = {isa = PBXFileReference; lastKnownFileType = sourcecode.swift; path = HelloWindowController.swift; sourceTree = "<group>"; };
/* End PBXFileReference section */

/* Begin PBXFrameworksBuildPhase section */
		87989E6229F93DA600E65E97 /* Frameworks */ = {
			isa = PBXFrameworksBuildPhase;
			buildActionMask = 2147483647;
			files = (
			);
			runOnlyForDeploymentPostprocessing = 0;
		};
/* End PBXFrameworksBuildPhase section */

/* Begin PBXGroup section */
		87989E5C29F93DA600E65E97 = {
			isa = PBXGroup;
			children = (
				87989E6729F93DA600E65E97 /* Mathboard */,
				87989E6629F93DA600E65E97 /* Products */,
			);
			sourceTree = "<group>";
		};
		87989E6629F93DA600E65E97 /* Products */ = {
			isa = PBXGroup;
			children = (
				87989E6529F93DA600E65E97 /* Mathboard.app */,
			);
			name = Products;
			sourceTree = "<group>";
		};
		87989E6729F93DA600E65E97 /* Mathboard */ = {
			isa = PBXGroup;
			children = (
				87CDDE3A29F94B230091A470 /* Controllers */,
				87CDDE3D29F94B420091A470 /* Model */,
				87989E6829F93DA600E65E97 /* AppDelegate.swift */,
				87989E6F29F93DA800E65E97 /* Assets.xcassets */,
				87989E7129F93DA800E65E97 /* Main.storyboard */,
				87989E7429F93DA800E65E97 /* Mathboard.entitlements */,
				87989E6C29F93DA600E65E97 /* Mathboard.xcdatamodeld */,
			);
			path = Mathboard;
			sourceTree = "<group>";
		};
		87CDDE3A29F94B230091A470 /* Controllers */ = {
			isa = PBXGroup;
			children = (
				87CDDE3E29F94C990091A470 /* ExampleCollectionViewItem.swift */,
				87EB90B129F9724500860691 /* RoundedTextField.swift */,
				87989E6A29F93DA600E65E97 /* ExampleViewController.swift */,
				87EB90B329F973F900860691 /* HelloWindowController.swift */,
			);
			path = Controllers;
			sourceTree = "<group>";
		};
		87CDDE3D29F94B420091A470 /* Model */ = {
			isa = PBXGroup;
			children = (
				872C1A4129F9506D00AB8A68 /* Symbol.swift */,
			);
			path = Model;
			sourceTree = "<group>";
		};
/* End PBXGroup section */

/* Begin PBXNativeTarget section */
		87989E6429F93DA600E65E97 /* Mathboard */ = {
			isa = PBXNativeTarget;
			buildConfigurationList = 87989E7729F93DA800E65E97 /* Build configuration list for PBXNativeTarget "Mathboard" */;
			buildPhases = (
				87989E6129F93DA600E65E97 /* Sources */,
				87989E6229F93DA600E65E97 /* Frameworks */,
				87989E6329F93DA600E65E97 /* Resources */,
			);
			buildRules = (
			);
			dependencies = (
			);
			name = Mathboard;
			productName = Mathboard;
			productReference = 87989E6529F93DA600E65E97 /* Mathboard.app */;
			productType = "com.apple.product-type.application";
		};
/* End PBXNativeTarget section */

/* Begin PBXProject section */
		87989E5D29F93DA600E65E97 /* Project object */ = {
			isa = PBXProject;
			attributes = {
				BuildIndependentTargetsInParallel = 1;
				LastSwiftUpdateCheck = 1430;
				LastUpgradeCheck = 1430;
				TargetAttributes = {
					87989E6429F93DA600E65E97 = {
						CreatedOnToolsVersion = 14.3;
					};
				};
			};
			buildConfigurationList = 87989E6029F93DA600E65E97 /* Build configuration list for PBXProject "Mathboard" */;
			compatibilityVersion = "Xcode 14.0";
			developmentRegion = en;
			hasScannedForEncodings = 0;
			knownRegions = (
				en,
				Base,
			);
			mainGroup = 87989E5C29F93DA600E65E97;
			productRefGroup = 87989E6629F93DA600E65E97 /* Products */;
			projectDirPath = "";
			projectRoot = "";
			targets = (
				87989E6429F93DA600E65E97 /* Mathboard */,
			);
		};
/* End PBXProject section */

/* Begin PBXResourcesBuildPhase section */
		87989E6329F93DA600E65E97 /* Resources */ = {
			isa = PBXResourcesBuildPhase;
			buildActionMask = 2147483647;
			files = (
				87989E7029F93DA800E65E97 /* Assets.xcassets in Resources */,
				87989E7329F93DA800E65E97 /* Main.storyboard in Resources */,
			);
			runOnlyForDeploymentPostprocessing = 0;
		};
/* End PBXResourcesBuildPhase section */

/* Begin PBXSourcesBuildPhase section */
		87989E6129F93DA600E65E97 /* Sources */ = {
			isa = PBXSourcesBuildPhase;
			buildActionMask = 2147483647;
			files = (
				872C1A4229F9506D00AB8A68 /* Symbol.swift in Sources */,
				87EB90B229F9724500860691 /* RoundedTextField.swift in Sources */,
				87EB90B429F973F900860691 /* HelloWindowController.swift in Sources */,
				87989E6B29F93DA600E65E97 /* ExampleViewController.swift in Sources */,
				87CDDE3F29F94C990091A470 /* ExampleCollectionViewItem.swift in Sources */,
				87989E6E29F93DA600E65E97 /* Mathboard.xcdatamodeld in Sources */,
				87989E6929F93DA600E65E97 /* AppDelegate.swift in Sources */,
			);
			runOnlyForDeploymentPostprocessing = 0;
		};
/* End PBXSourcesBuildPhase section */

/* Begin PBXVariantGroup section */
		87989E7129F93DA800E65E97 /* Main.storyboard */ = {
			isa = PBXVariantGroup;
			children = (
				87989E7229F93DA800E65E97 /* Base */,
			);
			name = Main.storyboard;
			sourceTree = "<group>";
		};
/* End PBXVariantGroup section */

/* Begin XCBuildConfiguration section */
		87989E7529F93DA800E65E97 /* Debug */ = {
			isa = XCBuildConfiguration;
			buildSettings = {
				ALWAYS_SEARCH_USER_PATHS = NO;
				CLANG_ANALYZER_NONNULL = YES;
				CLANG_ANALYZER_NUMBER_OBJECT_CONVERSION = YES_AGGRESSIVE;
				CLANG_CXX_LANGUAGE_STANDARD = "gnu++20";
				CLANG_ENABLE_MODULES = YES;
				CLANG_ENABLE_OBJC_ARC = YES;
				CLANG_ENABLE_OBJC_WEAK = YES;
				CLANG_WARN_BLOCK_CAPTURE_AUTORELEASING = YES;
				CLANG_WARN_BOOL_CONVERSION = YES;
				CLANG_WARN_COMMA = YES;
				CLANG_WARN_CONSTANT_CONVERSION = YES;
				CLANG_WARN_DEPRECATED_OBJC_IMPLEMENTATIONS = YES;
				CLANG_WARN_DIRECT_OBJC_ISA_USAGE = YES_ERROR;
				CLANG_WARN_DOCUMENTATION_COMMENTS = YES;
				CLANG_WARN_EMPTY_BODY = YES;
				CLANG_WARN_ENUM_CONVERSION = YES;
				CLANG_WARN_INFINITE_RECURSION = YES;
				CLANG_WARN_INT_CONVERSION = YES;
				CLANG_WARN_NON_LITERAL_NULL_CONVERSION = YES;
				CLANG_WARN_OBJC_IMPLICIT_RETAIN_SELF = YES;
				CLANG_WARN_OBJC_LITERAL_CONVERSION = YES;
				CLANG_WARN_OBJC_ROOT_CLASS = YES_ERROR;
				CLANG_WARN_QUOTED_INCLUDE_IN_FRAMEWORK_HEADER = YES;
				CLANG_WARN_RANGE_LOOP_ANALYSIS = YES;
				CLANG_WARN_STRICT_PROTOTYPES = YES;
				CLANG_WARN_SUSPICIOUS_MOVE = YES;
				CLANG_WARN_UNGUARDED_AVAILABILITY = YES_AGGRESSIVE;
				CLANG_WARN_UNREACHABLE_CODE = YES;
				CLANG_WARN__DUPLICATE_METHOD_MATCH = YES;
				COPY_PHASE_STRIP = NO;
				DEBUG_INFORMATION_FORMAT = dwarf;
				ENABLE_STRICT_OBJC_MSGSEND = YES;
				ENABLE_TESTABILITY = YES;
				GCC_C_LANGUAGE_STANDARD = gnu11;
				GCC_DYNAMIC_NO_PIC = NO;
				GCC_NO_COMMON_BLOCKS = YES;
				GCC_OPTIMIZATION_LEVEL = 0;
				GCC_PREPROCESSOR_DEFINITIONS = (
					"DEBUG=1",
					"$(inherited)",
				);
				GCC_WARN_64_TO_32_BIT_CONVERSION = YES;
				GCC_WARN_ABOUT_RETURN_TYPE = YES_ERROR;
				GCC_WARN_UNDECLARED_SELECTOR = YES;
				GCC_WARN_UNINITIALIZED_AUTOS = YES_AGGRESSIVE;
				GCC_WARN_UNUSED_FUNCTION = YES;
				GCC_WARN_UNUSED_VARIABLE = YES;
				MACOSX_DEPLOYMENT_TARGET = 10.13;
				MTL_ENABLE_DEBUG_INFO = INCLUDE_SOURCE;
				MTL_FAST_MATH = YES;
				ONLY_ACTIVE_ARCH = YES;
				SDKROOT = macosx;
				SWIFT_ACTIVE_COMPILATION_CONDITIONS = DEBUG;
				SWIFT_OPTIMIZATION_LEVEL = "-Onone";
			};
			name = Debug;
		};
		87989E7629F93DA800E65E97 /* Release */ = {
			isa = XCBuildConfiguration;
			buildSettings = {
				ALWAYS_SEARCH_USER_PATHS = NO;
				CLANG_ANALYZER_NONNULL = YES;
				CLANG_ANALYZER_NUMBER_OBJECT_CONVERSION = YES_AGGRESSIVE;
				CLANG_CXX_LANGUAGE_STANDARD = "gnu++20";
				CLANG_ENABLE_MODULES = YES;
				CLANG_ENABLE_OBJC_ARC = YES;
				CLANG_ENABLE_OBJC_WEAK = YES;
				CLANG_WARN_BLOCK_CAPTURE_AUTORELEASING = YES;
				CLANG_WARN_BOOL_CONVERSION = YES;
				CLANG_WARN_COMMA = YES;
				CLANG_WARN_CONSTANT_CONVERSION = YES;
				CLANG_WARN_DEPRECATED_OBJC_IMPLEMENTATIONS = YES;
				CLANG_WARN_DIRECT_OBJC_ISA_USAGE = YES_ERROR;
				CLANG_WARN_DOCUMENTATION_COMMENTS = YES;
				CLANG_WARN_EMPTY_BODY = YES;
				CLANG_WARN_ENUM_CONVERSION = YES;
				CLANG_WARN_INFINITE_RECURSION = YES;
				CLANG_WARN_INT_CONVERSION = YES;
				CLANG_WARN_NON_LITERAL_NULL_CONVERSION = YES;
				CLANG_WARN_OBJC_IMPLICIT_RETAIN_SELF = YES;
				CLANG_WARN_OBJC_LITERAL_CONVERSION = YES;
				CLANG_WARN_OBJC_ROOT_CLASS = YES_ERROR;
				CLANG_WARN_QUOTED_INCLUDE_IN_FRAMEWORK_HEADER = YES;
				CLANG_WARN_RANGE_LOOP_ANALYSIS = YES;
				CLANG_WARN_STRICT_PROTOTYPES = YES;
				CLANG_WARN_SUSPICIOUS_MOVE = YES;
				CLANG_WARN_UNGUARDED_AVAILABILITY = YES_AGGRESSIVE;
				CLANG_WARN_UNREACHABLE_CODE = YES;
				CLANG_WARN__DUPLICATE_METHOD_MATCH = YES;
				COPY_PHASE_STRIP = NO;
				DEBUG_INFORMATION_FORMAT = "dwarf-with-dsym";
				ENABLE_NS_ASSERTIONS = NO;
				ENABLE_STRICT_OBJC_MSGSEND = YES;
				GCC_C_LANGUAGE_STANDARD = gnu11;
				GCC_NO_COMMON_BLOCKS = YES;
				GCC_WARN_64_TO_32_BIT_CONVERSION = YES;
				GCC_WARN_ABOUT_RETURN_TYPE = YES_ERROR;
				GCC_WARN_UNDECLARED_SELECTOR = YES;
				GCC_WARN_UNINITIALIZED_AUTOS = YES_AGGRESSIVE;
				GCC_WARN_UNUSED_FUNCTION = YES;
				GCC_WARN_UNUSED_VARIABLE = YES;
				MACOSX_DEPLOYMENT_TARGET = 10.13;
				MTL_ENABLE_DEBUG_INFO = NO;
				MTL_FAST_MATH = YES;
				SDKROOT = macosx;
				SWIFT_COMPILATION_MODE = wholemodule;
				SWIFT_OPTIMIZATION_LEVEL = "-O";
			};
			name = Release;
		};
		87989E7829F93DA800E65E97 /* Debug */ = {
			isa = XCBuildConfiguration;
			buildSettings = {
				ASSETCATALOG_COMPILER_APPICON_NAME = AppIcon;
				ASSETCATALOG_COMPILER_GLOBAL_ACCENT_COLOR_NAME = AccentColor;
				CODE_SIGN_ENTITLEMENTS = Mathboard/Mathboard.entitlements;
				"CODE_SIGN_IDENTITY[sdk=macosx*]" = "-";
				CODE_SIGN_STYLE = Automatic;
				COMBINE_HIDPI_IMAGES = YES;
				CURRENT_PROJECT_VERSION = 1;
				DEVELOPMENT_TEAM = 3X4U4WUFJK;
				ENABLE_HARDENED_RUNTIME = YES;
				GENERATE_INFOPLIST_FILE = YES;
				INFOPLIST_KEY_NSHumanReadableCopyright = "";
				INFOPLIST_KEY_NSMainStoryboardFile = Main;
				INFOPLIST_KEY_NSPrincipalClass = NSApplication;
				LD_RUNPATH_SEARCH_PATHS = (
					"$(inherited)",
					"@executable_path/../Frameworks",
				);
				MACOSX_DEPLOYMENT_TARGET = 10.13;
				MARKETING_VERSION = 0.1;
				PRODUCT_BUNDLE_IDENTIFIER = com.IsaacRosedale.Mathboard;
				PRODUCT_NAME = "$(TARGET_NAME)";
				SWIFT_EMIT_LOC_STRINGS = YES;
				SWIFT_VERSION = 5.0;
			};
			name = Debug;
		};
		87989E7929F93DA800E65E97 /* Release */ = {
			isa = XCBuildConfiguration;
			buildSettings = {
				ASSETCATALOG_COMPILER_APPICON_NAME = AppIcon;
				ASSETCATALOG_COMPILER_GLOBAL_ACCENT_COLOR_NAME = AccentColor;
				CODE_SIGN_ENTITLEMENTS = Mathboard/Mathboard.entitlements;
				"CODE_SIGN_IDENTITY[sdk=macosx*]" = "-";
				CODE_SIGN_STYLE = Automatic;
				COMBINE_HIDPI_IMAGES = YES;
				CURRENT_PROJECT_VERSION = 1;
				DEVELOPMENT_TEAM = 3X4U4WUFJK;
				ENABLE_HARDENED_RUNTIME = YES;
				GENERATE_INFOPLIST_FILE = YES;
				INFOPLIST_KEY_NSHumanReadableCopyright = "";
				INFOPLIST_KEY_NSMainStoryboardFile = Main;
				INFOPLIST_KEY_NSPrincipalClass = NSApplication;
				LD_RUNPATH_SEARCH_PATHS = (
					"$(inherited)",
					"@executable_path/../Frameworks",
				);
				MACOSX_DEPLOYMENT_TARGET = 10.13;
				MARKETING_VERSION = 0.1;
				PRODUCT_BUNDLE_IDENTIFIER = com.IsaacRosedale.Mathboard;
				PRODUCT_NAME = "$(TARGET_NAME)";
				SWIFT_EMIT_LOC_STRINGS = YES;
				SWIFT_VERSION = 5.0;
			};
			name = Release;
		};
/* End XCBuildConfiguration section */

/* Begin XCConfigurationList section */
		87989E6029F93DA600E65E97 /* Build configuration list for PBXProject "Mathboard" */ = {
			isa = XCConfigurationList;
			buildConfigurations = (
				87989E7529F93DA800E65E97 /* Debug */,
				87989E7629F93DA800E65E97 /* Release */,
			);
			defaultConfigurationIsVisible = 0;
			defaultConfigurationName = Release;
		};
		87989E7729F93DA800E65E97 /* Build configuration list for PBXNativeTarget "Mathboard" */ = {
			isa = XCConfigurationList;
			buildConfigurations = (
				87989E7829F93DA800E65E97 /* Debug */,
				87989E7929F93DA800E65E97 /* Release */,
			);
			defaultConfigurationIsVisible = 0;
			defaultConfigurationName = Release;
		};
/* End XCConfigurationList section */

/* Begin XCVersionGroup section */
		87989E6C29F93DA600E65E97 /* Mathboard.xcdatamodeld */ = {
			isa = XCVersionGroup;
			children = (
				87989E6D29F93DA600E65E97 /* Mathboard.xcdatamodel */,
			);
			currentVersion = 87989E6D29F93DA600E65E97 /* Mathboard.xcdatamodel */;
			path = Mathboard.xcdatamodeld;
			sourceTree = "<group>";
			versionGroupType = wrapper.xcdatamodel;
		};
/* End XCVersionGroup section */
	};
	rootObject = 87989E5D29F93DA600E65E97 /* Project object */;
}
